// !$*UTF8*$!
{
	archiveVersion = 1;
	classes = {
	};
	objectVersion = 46;
	objects = {

/* Begin PBXBuildFile section */
		2003DCDB1DB8FBAF00835FA4 /* Default-568h@2x.png in Resources */ = {isa = PBXBuildFile; fileRef = 2003DCDA1DB8FBAF00835FA4 /* Default-568h@2x.png */; };
		2003DCEB1DB8FD6400835FA4 /* AppDelegate.swift in Sources */ = {isa = PBXBuildFile; fileRef = 2003DCE91DB8FD6400835FA4 /* AppDelegate.swift */; };
		2003DCEC1DB8FD6400835FA4 /* Assets.xcassets in Resources */ = {isa = PBXBuildFile; fileRef = 2003DCEA1DB8FD6400835FA4 /* Assets.xcassets */; };
		2003DCF21DB8FEE600835FA4 /* SplashViewController.swift in Sources */ = {isa = PBXBuildFile; fileRef = 2003DCF01DB8FEE600835FA4 /* SplashViewController.swift */; };
		2003DCF31DB8FEE600835FA4 /* SplashViewController.xib in Resources */ = {isa = PBXBuildFile; fileRef = 2003DCF11DB8FEE600835FA4 /* SplashViewController.xib */; };
		2003DCFA1DB9149C00835FA4 /* SplashViewProtocol.swift in Sources */ = {isa = PBXBuildFile; fileRef = 2003DCF91DB9149C00835FA4 /* SplashViewProtocol.swift */; };
		2003DCFC1DB9155400835FA4 /* SplashPresenter.swift in Sources */ = {isa = PBXBuildFile; fileRef = 2003DCFB1DB9155400835FA4 /* SplashPresenter.swift */; };
		2003DCFE1DB9157700835FA4 /* SplashPresenterProtocol.swift in Sources */ = {isa = PBXBuildFile; fileRef = 2003DCFD1DB9157700835FA4 /* SplashPresenterProtocol.swift */; };
		2003DD021DB91A1400835FA4 /* VMBaseViewController.swift in Sources */ = {isa = PBXBuildFile; fileRef = 2003DD011DB91A1400835FA4 /* VMBaseViewController.swift */; };
		2003DD041DB91A3C00835FA4 /* VMBaseViewProtocol.swift in Sources */ = {isa = PBXBuildFile; fileRef = 2003DD031DB91A3C00835FA4 /* VMBaseViewProtocol.swift */; };
		2003DD061DB91A7F00835FA4 /* VMBasePresenter.swift in Sources */ = {isa = PBXBuildFile; fileRef = 2003DD051DB91A7F00835FA4 /* VMBasePresenter.swift */; };
		2003DD081DB91AC600835FA4 /* VMBasePresenterProtocol.swift in Sources */ = {isa = PBXBuildFile; fileRef = 2003DD071DB91AC600835FA4 /* VMBasePresenterProtocol.swift */; };
		20C06C261DB8EE9A00C8CF56 /* VocMasterTests.swift in Sources */ = {isa = PBXBuildFile; fileRef = 20C06C251DB8EE9A00C8CF56 /* VocMasterTests.swift */; };
		20C06C311DB8EE9A00C8CF56 /* VocMasterUITests.swift in Sources */ = {isa = PBXBuildFile; fileRef = 20C06C301DB8EE9A00C8CF56 /* VocMasterUITests.swift */; };
		20EE28011DBE51B8007288CD /* MainViewController.swift in Sources */ = {isa = PBXBuildFile; fileRef = 20EE27FF1DBE51B8007288CD /* MainViewController.swift */; };
		20EE28021DBE51B8007288CD /* MainViewController.xib in Resources */ = {isa = PBXBuildFile; fileRef = 20EE28001DBE51B8007288CD /* MainViewController.xib */; };
		20EE28041DBE523F007288CD /* MainViewProtocol.swift in Sources */ = {isa = PBXBuildFile; fileRef = 20EE28031DBE523F007288CD /* MainViewProtocol.swift */; };
		20EE28061DBE527A007288CD /* MainPresenter.swift in Sources */ = {isa = PBXBuildFile; fileRef = 20EE28051DBE527A007288CD /* MainPresenter.swift */; };
		20EE28081DBE5298007288CD /* MainPresenterProtocol.swift in Sources */ = {isa = PBXBuildFile; fileRef = 20EE28071DBE5298007288CD /* MainPresenterProtocol.swift */; };
		20EE28921DC0E5F6007288CD /* VMModuleBuilder.swift in Sources */ = {isa = PBXBuildFile; fileRef = 20EE28911DC0E5F6007288CD /* VMModuleBuilder.swift */; };
		20EE28941DC0E8D3007288CD /* VMNavigationManager.swift in Sources */ = {isa = PBXBuildFile; fileRef = 20EE28931DC0E8D3007288CD /* VMNavigationManager.swift */; };
		69F27E9B1DC094A18CA777B5 /* Pods_VocMasterUITests.framework in Frameworks */ = {isa = PBXBuildFile; fileRef = 75713B3612429D7B01036C5C /* Pods_VocMasterUITests.framework */; };
		C8FC07BE6A81516F42A3957A /* Pods_VocMasterTests.framework in Frameworks */ = {isa = PBXBuildFile; fileRef = AEA02BDB5434EC6DAEEA3CF1 /* Pods_VocMasterTests.framework */; };
		D66A027600935137CE261092 /* Pods_VocMaster.framework in Frameworks */ = {isa = PBXBuildFile; fileRef = 4C3D9A57BD4DB6E872074838 /* Pods_VocMaster.framework */; };
/* End PBXBuildFile section */

/* Begin PBXContainerItemProxy section */
		20C06C221DB8EE9A00C8CF56 /* PBXContainerItemProxy */ = {
			isa = PBXContainerItemProxy;
			containerPortal = 20C06C051DB8EE9900C8CF56 /* Project object */;
			proxyType = 1;
			remoteGlobalIDString = 20C06C0C1DB8EE9900C8CF56;
			remoteInfo = VocMaster;
		};
		20C06C2D1DB8EE9A00C8CF56 /* PBXContainerItemProxy */ = {
			isa = PBXContainerItemProxy;
			containerPortal = 20C06C051DB8EE9900C8CF56 /* Project object */;
			proxyType = 1;
			remoteGlobalIDString = 20C06C0C1DB8EE9900C8CF56;
			remoteInfo = VocMaster;
		};
/* End PBXContainerItemProxy section */

/* Begin PBXFileReference section */
		2003DCDA1DB8FBAF00835FA4 /* Default-568h@2x.png */ = {isa = PBXFileReference; lastKnownFileType = image.png; name = "Default-568h@2x.png"; path = "../Default-568h@2x.png"; sourceTree = "<group>"; };
		2003DCE71DB8FCDD00835FA4 /* Info.plist */ = {isa = PBXFileReference; fileEncoding = 4; lastKnownFileType = text.plist.xml; path = Info.plist; sourceTree = "<group>"; };
		2003DCE91DB8FD6400835FA4 /* AppDelegate.swift */ = {isa = PBXFileReference; fileEncoding = 4; lastKnownFileType = sourcecode.swift; path = AppDelegate.swift; sourceTree = "<group>"; };
		2003DCEA1DB8FD6400835FA4 /* Assets.xcassets */ = {isa = PBXFileReference; lastKnownFileType = folder.assetcatalog; path = Assets.xcassets; sourceTree = "<group>"; };
		2003DCF01DB8FEE600835FA4 /* SplashViewController.swift */ = {isa = PBXFileReference; fileEncoding = 4; lastKnownFileType = sourcecode.swift; name = SplashViewController.swift; path = Modules/Splash/SplashViewController.swift; sourceTree = "<group>"; };
		2003DCF11DB8FEE600835FA4 /* SplashViewController.xib */ = {isa = PBXFileReference; fileEncoding = 4; lastKnownFileType = file.xib; name = SplashViewController.xib; path = Modules/Splash/SplashViewController.xib; sourceTree = "<group>"; };
		2003DCF91DB9149C00835FA4 /* SplashViewProtocol.swift */ = {isa = PBXFileReference; fileEncoding = 4; lastKnownFileType = sourcecode.swift; name = SplashViewProtocol.swift; path = Modules/Splash/SplashViewProtocol.swift; sourceTree = "<group>"; };
		2003DCFB1DB9155400835FA4 /* SplashPresenter.swift */ = {isa = PBXFileReference; fileEncoding = 4; lastKnownFileType = sourcecode.swift; name = SplashPresenter.swift; path = Modules/Splash/SplashPresenter.swift; sourceTree = "<group>"; };
		2003DCFD1DB9157700835FA4 /* SplashPresenterProtocol.swift */ = {isa = PBXFileReference; fileEncoding = 4; lastKnownFileType = sourcecode.swift; name = SplashPresenterProtocol.swift; path = Modules/Splash/SplashPresenterProtocol.swift; sourceTree = "<group>"; };
		2003DD011DB91A1400835FA4 /* VMBaseViewController.swift */ = {isa = PBXFileReference; fileEncoding = 4; lastKnownFileType = sourcecode.swift; name = VMBaseViewController.swift; path = Modules/Base/VMBaseViewController.swift; sourceTree = "<group>"; };
		2003DD031DB91A3C00835FA4 /* VMBaseViewProtocol.swift */ = {isa = PBXFileReference; fileEncoding = 4; lastKnownFileType = sourcecode.swift; name = VMBaseViewProtocol.swift; path = Modules/Base/VMBaseViewProtocol.swift; sourceTree = "<group>"; };
		2003DD051DB91A7F00835FA4 /* VMBasePresenter.swift */ = {isa = PBXFileReference; fileEncoding = 4; lastKnownFileType = sourcecode.swift; name = VMBasePresenter.swift; path = Modules/Base/VMBasePresenter.swift; sourceTree = "<group>"; };
		2003DD071DB91AC600835FA4 /* VMBasePresenterProtocol.swift */ = {isa = PBXFileReference; fileEncoding = 4; lastKnownFileType = sourcecode.swift; name = VMBasePresenterProtocol.swift; path = Modules/Base/VMBasePresenterProtocol.swift; sourceTree = "<group>"; };
		20C06C0D1DB8EE9A00C8CF56 /* VocMaster.app */ = {isa = PBXFileReference; explicitFileType = wrapper.application; includeInIndex = 0; path = VocMaster.app; sourceTree = BUILT_PRODUCTS_DIR; };
		20C06C211DB8EE9A00C8CF56 /* VocMasterTests.xctest */ = {isa = PBXFileReference; explicitFileType = wrapper.cfbundle; includeInIndex = 0; path = VocMasterTests.xctest; sourceTree = BUILT_PRODUCTS_DIR; };
		20C06C251DB8EE9A00C8CF56 /* VocMasterTests.swift */ = {isa = PBXFileReference; lastKnownFileType = sourcecode.swift; path = VocMasterTests.swift; sourceTree = "<group>"; };
		20C06C271DB8EE9A00C8CF56 /* Info.plist */ = {isa = PBXFileReference; lastKnownFileType = text.plist.xml; path = Info.plist; sourceTree = "<group>"; };
		20C06C2C1DB8EE9A00C8CF56 /* VocMasterUITests.xctest */ = {isa = PBXFileReference; explicitFileType = wrapper.cfbundle; includeInIndex = 0; path = VocMasterUITests.xctest; sourceTree = BUILT_PRODUCTS_DIR; };
		20C06C301DB8EE9A00C8CF56 /* VocMasterUITests.swift */ = {isa = PBXFileReference; lastKnownFileType = sourcecode.swift; path = VocMasterUITests.swift; sourceTree = "<group>"; };
		20C06C321DB8EE9A00C8CF56 /* Info.plist */ = {isa = PBXFileReference; lastKnownFileType = text.plist.xml; path = Info.plist; sourceTree = "<group>"; };
		20EE27FF1DBE51B8007288CD /* MainViewController.swift */ = {isa = PBXFileReference; fileEncoding = 4; lastKnownFileType = sourcecode.swift; name = MainViewController.swift; path = Modules/Main/MainViewController.swift; sourceTree = "<group>"; };
		20EE28001DBE51B8007288CD /* MainViewController.xib */ = {isa = PBXFileReference; fileEncoding = 4; lastKnownFileType = file.xib; name = MainViewController.xib; path = Modules/Main/MainViewController.xib; sourceTree = "<group>"; };
		20EE28031DBE523F007288CD /* MainViewProtocol.swift */ = {isa = PBXFileReference; fileEncoding = 4; lastKnownFileType = sourcecode.swift; name = MainViewProtocol.swift; path = Modules/Main/MainViewProtocol.swift; sourceTree = "<group>"; };
		20EE28051DBE527A007288CD /* MainPresenter.swift */ = {isa = PBXFileReference; fileEncoding = 4; lastKnownFileType = sourcecode.swift; name = MainPresenter.swift; path = Modules/Main/MainPresenter.swift; sourceTree = "<group>"; };
		20EE28071DBE5298007288CD /* MainPresenterProtocol.swift */ = {isa = PBXFileReference; fileEncoding = 4; lastKnownFileType = sourcecode.swift; name = MainPresenterProtocol.swift; path = Modules/Main/MainPresenterProtocol.swift; sourceTree = "<group>"; };
		20EE28911DC0E5F6007288CD /* VMModuleBuilder.swift */ = {isa = PBXFileReference; fileEncoding = 4; lastKnownFileType = sourcecode.swift; name = VMModuleBuilder.swift; path = ModuleBuilder/VMModuleBuilder.swift; sourceTree = "<group>"; };
		20EE28931DC0E8D3007288CD /* VMNavigationManager.swift */ = {isa = PBXFileReference; fileEncoding = 4; lastKnownFileType = sourcecode.swift; name = VMNavigationManager.swift; path = Managers/VMNavigationManager.swift; sourceTree = "<group>"; };
		26FE5E9633070CF18FBD99E5 /* Pods-VocMaster.debug.xcconfig */ = {isa = PBXFileReference; includeInIndex = 1; lastKnownFileType = text.xcconfig; name = "Pods-VocMaster.debug.xcconfig"; path = "Pods/Target Support Files/Pods-VocMaster/Pods-VocMaster.debug.xcconfig"; sourceTree = "<group>"; };
		4C3D9A57BD4DB6E872074838 /* Pods_VocMaster.framework */ = {isa = PBXFileReference; explicitFileType = wrapper.framework; includeInIndex = 0; path = Pods_VocMaster.framework; sourceTree = BUILT_PRODUCTS_DIR; };
		75713B3612429D7B01036C5C /* Pods_VocMasterUITests.framework */ = {isa = PBXFileReference; explicitFileType = wrapper.framework; includeInIndex = 0; path = Pods_VocMasterUITests.framework; sourceTree = BUILT_PRODUCTS_DIR; };
		9FBF7DEAAC3DF825C84FF09E /* Pods-VocMasterUITests.release.xcconfig */ = {isa = PBXFileReference; includeInIndex = 1; lastKnownFileType = text.xcconfig; name = "Pods-VocMasterUITests.release.xcconfig"; path = "Pods/Target Support Files/Pods-VocMasterUITests/Pods-VocMasterUITests.release.xcconfig"; sourceTree = "<group>"; };
		A267BB4F398A0E6E0FBD9EA8 /* Pods-VocMaster.release.xcconfig */ = {isa = PBXFileReference; includeInIndex = 1; lastKnownFileType = text.xcconfig; name = "Pods-VocMaster.release.xcconfig"; path = "Pods/Target Support Files/Pods-VocMaster/Pods-VocMaster.release.xcconfig"; sourceTree = "<group>"; };
		AEA02BDB5434EC6DAEEA3CF1 /* Pods_VocMasterTests.framework */ = {isa = PBXFileReference; explicitFileType = wrapper.framework; includeInIndex = 0; path = Pods_VocMasterTests.framework; sourceTree = BUILT_PRODUCTS_DIR; };
		BED5CE868519B64726517119 /* Pods-VocMasterTests.debug.xcconfig */ = {isa = PBXFileReference; includeInIndex = 1; lastKnownFileType = text.xcconfig; name = "Pods-VocMasterTests.debug.xcconfig"; path = "Pods/Target Support Files/Pods-VocMasterTests/Pods-VocMasterTests.debug.xcconfig"; sourceTree = "<group>"; };
		D346EB76CCAAB34CAB05A568 /* Pods-VocMasterTests.release.xcconfig */ = {isa = PBXFileReference; includeInIndex = 1; lastKnownFileType = text.xcconfig; name = "Pods-VocMasterTests.release.xcconfig"; path = "Pods/Target Support Files/Pods-VocMasterTests/Pods-VocMasterTests.release.xcconfig"; sourceTree = "<group>"; };
		FDAD32E30279D12BBDAFC5C9 /* Pods-VocMasterUITests.debug.xcconfig */ = {isa = PBXFileReference; includeInIndex = 1; lastKnownFileType = text.xcconfig; name = "Pods-VocMasterUITests.debug.xcconfig"; path = "Pods/Target Support Files/Pods-VocMasterUITests/Pods-VocMasterUITests.debug.xcconfig"; sourceTree = "<group>"; };
/* End PBXFileReference section */

/* Begin PBXFrameworksBuildPhase section */
		20C06C0A1DB8EE9900C8CF56 /* Frameworks */ = {
			isa = PBXFrameworksBuildPhase;
			buildActionMask = 2147483647;
			files = (
				D66A027600935137CE261092 /* Pods_VocMaster.framework in Frameworks */,
			);
			runOnlyForDeploymentPostprocessing = 0;
		};
		20C06C1E1DB8EE9A00C8CF56 /* Frameworks */ = {
			isa = PBXFrameworksBuildPhase;
			buildActionMask = 2147483647;
			files = (
				C8FC07BE6A81516F42A3957A /* Pods_VocMasterTests.framework in Frameworks */,
			);
			runOnlyForDeploymentPostprocessing = 0;
		};
		20C06C291DB8EE9A00C8CF56 /* Frameworks */ = {
			isa = PBXFrameworksBuildPhase;
			buildActionMask = 2147483647;
			files = (
				69F27E9B1DC094A18CA777B5 /* Pods_VocMasterUITests.framework in Frameworks */,
			);
			runOnlyForDeploymentPostprocessing = 0;
		};
/* End PBXFrameworksBuildPhase section */

/* Begin PBXGroup section */
		2003DCDC1DB8FC1100835FA4 /* Resources */ = {
			isa = PBXGroup;
			children = (
				2003DCDA1DB8FBAF00835FA4 /* Default-568h@2x.png */,
				2003DCE91DB8FD6400835FA4 /* AppDelegate.swift */,
				2003DCEA1DB8FD6400835FA4 /* Assets.xcassets */,
				2003DCE71DB8FCDD00835FA4 /* Info.plist */,
			);
			name = Resources;
			sourceTree = "<group>";
		};
		2003DCDD1DB8FC1800835FA4 /* Modules */ = {
			isa = PBXGroup;
			children = (
				2003DCF61DB90A0D00835FA4 /* Base */,
				20EE27FC1DBE5110007288CD /* Main */,
				2003DCED1DB8FE9200835FA4 /* Splash */,
			);
			name = Modules;
			sourceTree = "<group>";
		};
		2003DCDE1DB8FC1F00835FA4 /* Models */ = {
			isa = PBXGroup;
			children = (
			);
			name = Models;
			sourceTree = "<group>";
		};
		2003DCDF1DB8FC2400835FA4 /* Services */ = {
			isa = PBXGroup;
			children = (
			);
			name = Services;
			sourceTree = "<group>";
		};
		2003DCE01DB8FC2C00835FA4 /* Managers */ = {
			isa = PBXGroup;
			children = (
				20EE28931DC0E8D3007288CD /* VMNavigationManager.swift */,
			);
			name = Managers;
			sourceTree = "<group>";
		};
		2003DCED1DB8FE9200835FA4 /* Splash */ = {
			isa = PBXGroup;
			children = (
				2003DCF51DB9099F00835FA4 /* Presenter */,
				2003DCF41DB9099A00835FA4 /* View */,
			);
			name = Splash;
			sourceTree = "<group>";
		};
		2003DCF41DB9099A00835FA4 /* View */ = {
			isa = PBXGroup;
			children = (
				2003DCF01DB8FEE600835FA4 /* SplashViewController.swift */,
				2003DCF11DB8FEE600835FA4 /* SplashViewController.xib */,
				2003DCF91DB9149C00835FA4 /* SplashViewProtocol.swift */,
			);
			name = View;
			sourceTree = "<group>";
		};
		2003DCF51DB9099F00835FA4 /* Presenter */ = {
			isa = PBXGroup;
			children = (
				2003DCFB1DB9155400835FA4 /* SplashPresenter.swift */,
				2003DCFD1DB9157700835FA4 /* SplashPresenterProtocol.swift */,
			);
			name = Presenter;
			sourceTree = "<group>";
		};
		2003DCF61DB90A0D00835FA4 /* Base */ = {
			isa = PBXGroup;
			children = (
				2003DCF71DB90A1300835FA4 /* Presenter */,
				2003DCF81DB90A1900835FA4 /* View */,
			);
			name = Base;
			sourceTree = "<group>";
		};
		2003DCF71DB90A1300835FA4 /* Presenter */ = {
			isa = PBXGroup;
			children = (
				2003DD051DB91A7F00835FA4 /* VMBasePresenter.swift */,
				2003DD071DB91AC600835FA4 /* VMBasePresenterProtocol.swift */,
			);
			name = Presenter;
			sourceTree = "<group>";
		};
		2003DCF81DB90A1900835FA4 /* View */ = {
			isa = PBXGroup;
			children = (
				2003DD011DB91A1400835FA4 /* VMBaseViewController.swift */,
				2003DD031DB91A3C00835FA4 /* VMBaseViewProtocol.swift */,
			);
			name = View;
			sourceTree = "<group>";
		};
		20C06C041DB8EE9900C8CF56 = {
			isa = PBXGroup;
			children = (
				20C06C0F1DB8EE9A00C8CF56 /* VocMaster */,
				20C06C241DB8EE9A00C8CF56 /* VocMasterTests */,
				20C06C2F1DB8EE9A00C8CF56 /* VocMasterUITests */,
				20C06C0E1DB8EE9A00C8CF56 /* Products */,
				EE3AC2978CB86D4F7204D1D6 /* Pods */,
				634F37E2A68E704CF276FAAE /* Frameworks */,
			);
			sourceTree = "<group>";
		};
		20C06C0E1DB8EE9A00C8CF56 /* Products */ = {
			isa = PBXGroup;
			children = (
				20C06C0D1DB8EE9A00C8CF56 /* VocMaster.app */,
				20C06C211DB8EE9A00C8CF56 /* VocMasterTests.xctest */,
				20C06C2C1DB8EE9A00C8CF56 /* VocMasterUITests.xctest */,
			);
			name = Products;
			sourceTree = "<group>";
		};
		20C06C0F1DB8EE9A00C8CF56 /* VocMaster */ = {
			isa = PBXGroup;
			children = (
				20EE28901DC0E5D0007288CD /* ModuleBuilder */,
				2003DCE01DB8FC2C00835FA4 /* Managers */,
				2003DCDF1DB8FC2400835FA4 /* Services */,
				2003DCDE1DB8FC1F00835FA4 /* Models */,
				2003DCDD1DB8FC1800835FA4 /* Modules */,
				2003DCDC1DB8FC1100835FA4 /* Resources */,
			);
			path = VocMaster;
			sourceTree = "<group>";
		};
		20C06C241DB8EE9A00C8CF56 /* VocMasterTests */ = {
			isa = PBXGroup;
			children = (
				20C06C251DB8EE9A00C8CF56 /* VocMasterTests.swift */,
				20C06C271DB8EE9A00C8CF56 /* Info.plist */,
			);
			path = VocMasterTests;
			sourceTree = "<group>";
		};
		20C06C2F1DB8EE9A00C8CF56 /* VocMasterUITests */ = {
			isa = PBXGroup;
			children = (
				20C06C301DB8EE9A00C8CF56 /* VocMasterUITests.swift */,
				20C06C321DB8EE9A00C8CF56 /* Info.plist */,
			);
			path = VocMasterUITests;
			sourceTree = "<group>";
		};
		20EE27FC1DBE5110007288CD /* Main */ = {
			isa = PBXGroup;
			children = (
				20EE27FD1DBE511E007288CD /* Presenter */,
				20EE27FE1DBE5124007288CD /* View */,
			);
			name = Main;
			sourceTree = "<group>";
		};
		20EE27FD1DBE511E007288CD /* Presenter */ = {
			isa = PBXGroup;
			children = (
				20EE28051DBE527A007288CD /* MainPresenter.swift */,
				20EE28071DBE5298007288CD /* MainPresenterProtocol.swift */,
			);
			name = Presenter;
			sourceTree = "<group>";
		};
		20EE27FE1DBE5124007288CD /* View */ = {
			isa = PBXGroup;
			children = (
				20EE27FF1DBE51B8007288CD /* MainViewController.swift */,
				20EE28001DBE51B8007288CD /* MainViewController.xib */,
				20EE28031DBE523F007288CD /* MainViewProtocol.swift */,
			);
			name = View;
			sourceTree = "<group>";
		};
		20EE28901DC0E5D0007288CD /* ModuleBuilder */ = {
			isa = PBXGroup;
			children = (
				20EE28911DC0E5F6007288CD /* VMModuleBuilder.swift */,
			);
			name = ModuleBuilder;
			sourceTree = "<group>";
		};
		634F37E2A68E704CF276FAAE /* Frameworks */ = {
			isa = PBXGroup;
			children = (
				4C3D9A57BD4DB6E872074838 /* Pods_VocMaster.framework */,
				AEA02BDB5434EC6DAEEA3CF1 /* Pods_VocMasterTests.framework */,
				75713B3612429D7B01036C5C /* Pods_VocMasterUITests.framework */,
			);
			name = Frameworks;
			sourceTree = "<group>";
		};
		EE3AC2978CB86D4F7204D1D6 /* Pods */ = {
			isa = PBXGroup;
			children = (
				26FE5E9633070CF18FBD99E5 /* Pods-VocMaster.debug.xcconfig */,
				A267BB4F398A0E6E0FBD9EA8 /* Pods-VocMaster.release.xcconfig */,
				BED5CE868519B64726517119 /* Pods-VocMasterTests.debug.xcconfig */,
				D346EB76CCAAB34CAB05A568 /* Pods-VocMasterTests.release.xcconfig */,
				FDAD32E30279D12BBDAFC5C9 /* Pods-VocMasterUITests.debug.xcconfig */,
				9FBF7DEAAC3DF825C84FF09E /* Pods-VocMasterUITests.release.xcconfig */,
			);
			name = Pods;
			sourceTree = "<group>";
		};
/* End PBXGroup section */

/* Begin PBXNativeTarget section */
		20C06C0C1DB8EE9900C8CF56 /* VocMaster */ = {
			isa = PBXNativeTarget;
			buildConfigurationList = 20C06C351DB8EE9A00C8CF56 /* Build configuration list for PBXNativeTarget "VocMaster" */;
			buildPhases = (
				A646F65B717F9717AD678875 /* [CP] Check Pods Manifest.lock */,
				20C06C091DB8EE9900C8CF56 /* Sources */,
				20C06C0A1DB8EE9900C8CF56 /* Frameworks */,
				20C06C0B1DB8EE9900C8CF56 /* Resources */,
				68FEE624D378802CC8EB3E8D /* [CP] Embed Pods Frameworks */,
				CD4AA9E4211C68851A991CA7 /* [CP] Copy Pods Resources */,
			);
			buildRules = (
			);
			dependencies = (
			);
			name = VocMaster;
			productName = VocMaster;
			productReference = 20C06C0D1DB8EE9A00C8CF56 /* VocMaster.app */;
			productType = "com.apple.product-type.application";
		};
		20C06C201DB8EE9A00C8CF56 /* VocMasterTests */ = {
			isa = PBXNativeTarget;
			buildConfigurationList = 20C06C381DB8EE9A00C8CF56 /* Build configuration list for PBXNativeTarget "VocMasterTests" */;
			buildPhases = (
				99E1B899AF54DD0F75616956 /* [CP] Check Pods Manifest.lock */,
				20C06C1D1DB8EE9A00C8CF56 /* Sources */,
				20C06C1E1DB8EE9A00C8CF56 /* Frameworks */,
				20C06C1F1DB8EE9A00C8CF56 /* Resources */,
				8097CC239D198E76E82DF35F /* [CP] Embed Pods Frameworks */,
				3C7E41F8A1F245B622DCE6DB /* [CP] Copy Pods Resources */,
			);
			buildRules = (
			);
			dependencies = (
				20C06C231DB8EE9A00C8CF56 /* PBXTargetDependency */,
			);
			name = VocMasterTests;
			productName = VocMasterTests;
			productReference = 20C06C211DB8EE9A00C8CF56 /* VocMasterTests.xctest */;
			productType = "com.apple.product-type.bundle.unit-test";
		};
		20C06C2B1DB8EE9A00C8CF56 /* VocMasterUITests */ = {
			isa = PBXNativeTarget;
			buildConfigurationList = 20C06C3B1DB8EE9A00C8CF56 /* Build configuration list for PBXNativeTarget "VocMasterUITests" */;
			buildPhases = (
				D27D816F2972216CBD418CF6 /* [CP] Check Pods Manifest.lock */,
				20C06C281DB8EE9A00C8CF56 /* Sources */,
				20C06C291DB8EE9A00C8CF56 /* Frameworks */,
				20C06C2A1DB8EE9A00C8CF56 /* Resources */,
				97BB0A2A79494E0FF1AC13AC /* [CP] Embed Pods Frameworks */,
				3CBB00C459E8ECAF8B0FB19F /* [CP] Copy Pods Resources */,
			);
			buildRules = (
			);
			dependencies = (
				20C06C2E1DB8EE9A00C8CF56 /* PBXTargetDependency */,
			);
			name = VocMasterUITests;
			productName = VocMasterUITests;
			productReference = 20C06C2C1DB8EE9A00C8CF56 /* VocMasterUITests.xctest */;
			productType = "com.apple.product-type.bundle.ui-testing";
		};
/* End PBXNativeTarget section */

/* Begin PBXProject section */
		20C06C051DB8EE9900C8CF56 /* Project object */ = {
			isa = PBXProject;
			attributes = {
				LastSwiftUpdateCheck = 0800;
				LastUpgradeCheck = 0800;
				ORGANIZATIONNAME = "Csipler Zoltan";
				TargetAttributes = {
					20C06C0C1DB8EE9900C8CF56 = {
						CreatedOnToolsVersion = 8.0;
						ProvisioningStyle = Automatic;
					};
					20C06C201DB8EE9A00C8CF56 = {
						CreatedOnToolsVersion = 8.0;
						ProvisioningStyle = Automatic;
						TestTargetID = 20C06C0C1DB8EE9900C8CF56;
					};
					20C06C2B1DB8EE9A00C8CF56 = {
						CreatedOnToolsVersion = 8.0;
						ProvisioningStyle = Automatic;
						TestTargetID = 20C06C0C1DB8EE9900C8CF56;
					};
				};
			};
			buildConfigurationList = 20C06C081DB8EE9900C8CF56 /* Build configuration list for PBXProject "VocMaster" */;
			compatibilityVersion = "Xcode 3.2";
			developmentRegion = English;
			hasScannedForEncodings = 0;
			knownRegions = (
				en,
				Base,
			);
			mainGroup = 20C06C041DB8EE9900C8CF56;
			productRefGroup = 20C06C0E1DB8EE9A00C8CF56 /* Products */;
			projectDirPath = "";
			projectRoot = "";
			targets = (
				20C06C0C1DB8EE9900C8CF56 /* VocMaster */,
				20C06C201DB8EE9A00C8CF56 /* VocMasterTests */,
				20C06C2B1DB8EE9A00C8CF56 /* VocMasterUITests */,
			);
		};
/* End PBXProject section */

/* Begin PBXResourcesBuildPhase section */
		20C06C0B1DB8EE9900C8CF56 /* Resources */ = {
			isa = PBXResourcesBuildPhase;
			buildActionMask = 2147483647;
			files = (
				2003DCEC1DB8FD6400835FA4 /* Assets.xcassets in Resources */,
				2003DCF31DB8FEE600835FA4 /* SplashViewController.xib in Resources */,
				2003DCDB1DB8FBAF00835FA4 /* Default-568h@2x.png in Resources */,
				20EE28021DBE51B8007288CD /* MainViewController.xib in Resources */,
			);
			runOnlyForDeploymentPostprocessing = 0;
		};
		20C06C1F1DB8EE9A00C8CF56 /* Resources */ = {
			isa = PBXResourcesBuildPhase;
			buildActionMask = 2147483647;
			files = (
			);
			runOnlyForDeploymentPostprocessing = 0;
		};
		20C06C2A1DB8EE9A00C8CF56 /* Resources */ = {
			isa = PBXResourcesBuildPhase;
			buildActionMask = 2147483647;
			files = (
			);
			runOnlyForDeploymentPostprocessing = 0;
		};
/* End PBXResourcesBuildPhase section */

/* Begin PBXShellScriptBuildPhase section */
		3C7E41F8A1F245B622DCE6DB /* [CP] Copy Pods Resources */ = {
			isa = PBXShellScriptBuildPhase;
			buildActionMask = 2147483647;
			files = (
			);
			inputPaths = (
			);
			name = "[CP] Copy Pods Resources";
			outputPaths = (
			);
			runOnlyForDeploymentPostprocessing = 0;
			shellPath = /bin/sh;
			shellScript = "\"${SRCROOT}/Pods/Target Support Files/Pods-VocMasterTests/Pods-VocMasterTests-resources.sh\"\n";
			showEnvVarsInLog = 0;
		};
		3CBB00C459E8ECAF8B0FB19F /* [CP] Copy Pods Resources */ = {
			isa = PBXShellScriptBuildPhase;
			buildActionMask = 2147483647;
			files = (
			);
			inputPaths = (
			);
			name = "[CP] Copy Pods Resources";
			outputPaths = (
			);
			runOnlyForDeploymentPostprocessing = 0;
			shellPath = /bin/sh;
			shellScript = "\"${SRCROOT}/Pods/Target Support Files/Pods-VocMasterUITests/Pods-VocMasterUITests-resources.sh\"\n";
			showEnvVarsInLog = 0;
		};
		68FEE624D378802CC8EB3E8D /* [CP] Embed Pods Frameworks */ = {
			isa = PBXShellScriptBuildPhase;
			buildActionMask = 2147483647;
			files = (
			);
			inputPaths = (
			);
			name = "[CP] Embed Pods Frameworks";
			outputPaths = (
			);
			runOnlyForDeploymentPostprocessing = 0;
			shellPath = /bin/sh;
			shellScript = "\"${SRCROOT}/Pods/Target Support Files/Pods-VocMaster/Pods-VocMaster-frameworks.sh\"\n";
			showEnvVarsInLog = 0;
		};
		8097CC239D198E76E82DF35F /* [CP] Embed Pods Frameworks */ = {
			isa = PBXShellScriptBuildPhase;
			buildActionMask = 2147483647;
			files = (
			);
			inputPaths = (
			);
			name = "[CP] Embed Pods Frameworks";
			outputPaths = (
			);
			runOnlyForDeploymentPostprocessing = 0;
			shellPath = /bin/sh;
			shellScript = "\"${SRCROOT}/Pods/Target Support Files/Pods-VocMasterTests/Pods-VocMasterTests-frameworks.sh\"\n";
			showEnvVarsInLog = 0;
		};
		97BB0A2A79494E0FF1AC13AC /* [CP] Embed Pods Frameworks */ = {
			isa = PBXShellScriptBuildPhase;
			buildActionMask = 2147483647;
			files = (
			);
			inputPaths = (
			);
			name = "[CP] Embed Pods Frameworks";
			outputPaths = (
			);
			runOnlyForDeploymentPostprocessing = 0;
			shellPath = /bin/sh;
			shellScript = "\"${SRCROOT}/Pods/Target Support Files/Pods-VocMasterUITests/Pods-VocMasterUITests-frameworks.sh\"\n";
			showEnvVarsInLog = 0;
		};
		99E1B899AF54DD0F75616956 /* [CP] Check Pods Manifest.lock */ = {
			isa = PBXShellScriptBuildPhase;
			buildActionMask = 2147483647;
			files = (
			);
			inputPaths = (
			);
			name = "[CP] Check Pods Manifest.lock";
			outputPaths = (
			);
			runOnlyForDeploymentPostprocessing = 0;
			shellPath = /bin/sh;
			shellScript = "diff \"${PODS_ROOT}/../Podfile.lock\" \"${PODS_ROOT}/Manifest.lock\" > /dev/null\nif [ $? != 0 ] ; then\n    # print error to STDERR\n    echo \"error: The sandbox is not in sync with the Podfile.lock. Run 'pod install' or update your CocoaPods installation.\" >&2\n    exit 1\nfi\n";
			showEnvVarsInLog = 0;
		};
		A646F65B717F9717AD678875 /* [CP] Check Pods Manifest.lock */ = {
			isa = PBXShellScriptBuildPhase;
			buildActionMask = 2147483647;
			files = (
			);
			inputPaths = (
			);
			name = "[CP] Check Pods Manifest.lock";
			outputPaths = (
			);
			runOnlyForDeploymentPostprocessing = 0;
			shellPath = /bin/sh;
			shellScript = "diff \"${PODS_ROOT}/../Podfile.lock\" \"${PODS_ROOT}/Manifest.lock\" > /dev/null\nif [ $? != 0 ] ; then\n    # print error to STDERR\n    echo \"error: The sandbox is not in sync with the Podfile.lock. Run 'pod install' or update your CocoaPods installation.\" >&2\n    exit 1\nfi\n";
			showEnvVarsInLog = 0;
		};
		CD4AA9E4211C68851A991CA7 /* [CP] Copy Pods Resources */ = {
			isa = PBXShellScriptBuildPhase;
			buildActionMask = 2147483647;
			files = (
			);
			inputPaths = (
			);
			name = "[CP] Copy Pods Resources";
			outputPaths = (
			);
			runOnlyForDeploymentPostprocessing = 0;
			shellPath = /bin/sh;
			shellScript = "\"${SRCROOT}/Pods/Target Support Files/Pods-VocMaster/Pods-VocMaster-resources.sh\"\n";
			showEnvVarsInLog = 0;
		};
		D27D816F2972216CBD418CF6 /* [CP] Check Pods Manifest.lock */ = {
			isa = PBXShellScriptBuildPhase;
			buildActionMask = 2147483647;
			files = (
			);
			inputPaths = (
			);
			name = "[CP] Check Pods Manifest.lock";
			outputPaths = (
			);
			runOnlyForDeploymentPostprocessing = 0;
			shellPath = /bin/sh;
			shellScript = "diff \"${PODS_ROOT}/../Podfile.lock\" \"${PODS_ROOT}/Manifest.lock\" > /dev/null\nif [ $? != 0 ] ; then\n    # print error to STDERR\n    echo \"error: The sandbox is not in sync with the Podfile.lock. Run 'pod install' or update your CocoaPods installation.\" >&2\n    exit 1\nfi\n";
			showEnvVarsInLog = 0;
		};
/* End PBXShellScriptBuildPhase section */

/* Begin PBXSourcesBuildPhase section */
		20C06C091DB8EE9900C8CF56 /* Sources */ = {
			isa = PBXSourcesBuildPhase;
			buildActionMask = 2147483647;
			files = (
				20EE28081DBE5298007288CD /* MainPresenterProtocol.swift in Sources */,
				2003DCEB1DB8FD6400835FA4 /* AppDelegate.swift in Sources */,
				20EE28941DC0E8D3007288CD /* VMNavigationManager.swift in Sources */,
				2003DCFA1DB9149C00835FA4 /* SplashViewProtocol.swift in Sources */,
				2003DD021DB91A1400835FA4 /* VMBaseViewController.swift in Sources */,
				2003DD041DB91A3C00835FA4 /* VMBaseViewProtocol.swift in Sources */,
				2003DCF21DB8FEE600835FA4 /* SplashViewController.swift in Sources */,
				2003DCFE1DB9157700835FA4 /* SplashPresenterProtocol.swift in Sources */,
				2003DD061DB91A7F00835FA4 /* VMBasePresenter.swift in Sources */,
				20EE28921DC0E5F6007288CD /* VMModuleBuilder.swift in Sources */,
				20EE28061DBE527A007288CD /* MainPresenter.swift in Sources */,
				2003DCFC1DB9155400835FA4 /* SplashPresenter.swift in Sources */,
				2003DD081DB91AC600835FA4 /* VMBasePresenterProtocol.swift in Sources */,
				20EE28011DBE51B8007288CD /* MainViewController.swift in Sources */,
				20EE28041DBE523F007288CD /* MainViewProtocol.swift in Sources */,
			);
			runOnlyForDeploymentPostprocessing = 0;
		};
		20C06C1D1DB8EE9A00C8CF56 /* Sources */ = {
			isa = PBXSourcesBuildPhase;
			buildActionMask = 2147483647;
			files = (
				20C06C261DB8EE9A00C8CF56 /* VocMasterTests.swift in Sources */,
			);
			runOnlyForDeploymentPostprocessing = 0;
		};
		20C06C281DB8EE9A00C8CF56 /* Sources */ = {
			isa = PBXSourcesBuildPhase;
			buildActionMask = 2147483647;
			files = (
				20C06C311DB8EE9A00C8CF56 /* VocMasterUITests.swift in Sources */,
			);
			runOnlyForDeploymentPostprocessing = 0;
		};
/* End PBXSourcesBuildPhase section */

/* Begin PBXTargetDependency section */
		20C06C231DB8EE9A00C8CF56 /* PBXTargetDependency */ = {
			isa = PBXTargetDependency;
			target = 20C06C0C1DB8EE9900C8CF56 /* VocMaster */;
			targetProxy = 20C06C221DB8EE9A00C8CF56 /* PBXContainerItemProxy */;
		};
		20C06C2E1DB8EE9A00C8CF56 /* PBXTargetDependency */ = {
			isa = PBXTargetDependency;
			target = 20C06C0C1DB8EE9900C8CF56 /* VocMaster */;
			targetProxy = 20C06C2D1DB8EE9A00C8CF56 /* PBXContainerItemProxy */;
		};
/* End PBXTargetDependency section */

/* Begin XCBuildConfiguration section */
		20C06C331DB8EE9A00C8CF56 /* Debug */ = {
			isa = XCBuildConfiguration;
			buildSettings = {
				ALWAYS_SEARCH_USER_PATHS = NO;
				CLANG_ANALYZER_NONNULL = YES;
				CLANG_CXX_LANGUAGE_STANDARD = "gnu++0x";
				CLANG_CXX_LIBRARY = "libc++";
				CLANG_ENABLE_MODULES = YES;
				CLANG_ENABLE_OBJC_ARC = YES;
				CLANG_WARN_BOOL_CONVERSION = YES;
				CLANG_WARN_CONSTANT_CONVERSION = YES;
				CLANG_WARN_DIRECT_OBJC_ISA_USAGE = YES_ERROR;
				CLANG_WARN_DOCUMENTATION_COMMENTS = YES;
				CLANG_WARN_EMPTY_BODY = YES;
				CLANG_WARN_ENUM_CONVERSION = YES;
				CLANG_WARN_INFINITE_RECURSION = YES;
				CLANG_WARN_INT_CONVERSION = YES;
				CLANG_WARN_OBJC_ROOT_CLASS = YES_ERROR;
				CLANG_WARN_SUSPICIOUS_MOVES = YES;
				CLANG_WARN_UNREACHABLE_CODE = YES;
				CLANG_WARN__DUPLICATE_METHOD_MATCH = YES;
				"CODE_SIGN_IDENTITY[sdk=iphoneos*]" = "iPhone Developer";
				COPY_PHASE_STRIP = NO;
				DEBUG_INFORMATION_FORMAT = dwarf;
				ENABLE_STRICT_OBJC_MSGSEND = YES;
				ENABLE_TESTABILITY = YES;
				GCC_C_LANGUAGE_STANDARD = gnu99;
				GCC_DYNAMIC_NO_PIC = NO;
				GCC_NO_COMMON_BLOCKS = YES;
				GCC_OPTIMIZATION_LEVEL = 0;
				GCC_PREPROCESSOR_DEFINITIONS = (
					"DEBUG=1",
					"$(inherited)",
				);
				GCC_WARN_64_TO_32_BIT_CONVERSION = YES;
				GCC_WARN_ABOUT_RETURN_TYPE = YES_ERROR;
				GCC_WARN_UNDECLARED_SELECTOR = YES;
				GCC_WARN_UNINITIALIZED_AUTOS = YES_AGGRESSIVE;
				GCC_WARN_UNUSED_FUNCTION = YES;
				GCC_WARN_UNUSED_VARIABLE = YES;
				IPHONEOS_DEPLOYMENT_TARGET = 10.0;
				MTL_ENABLE_DEBUG_INFO = YES;
				ONLY_ACTIVE_ARCH = YES;
				SDKROOT = iphoneos;
				SWIFT_ACTIVE_COMPILATION_CONDITIONS = DEBUG;
				SWIFT_OPTIMIZATION_LEVEL = "-Onone";
				TARGETED_DEVICE_FAMILY = "1,2";
			};
			name = Debug;
		};
		20C06C341DB8EE9A00C8CF56 /* Release */ = {
			isa = XCBuildConfiguration;
			buildSettings = {
				ALWAYS_SEARCH_USER_PATHS = NO;
				CLANG_ANALYZER_NONNULL = YES;
				CLANG_CXX_LANGUAGE_STANDARD = "gnu++0x";
				CLANG_CXX_LIBRARY = "libc++";
				CLANG_ENABLE_MODULES = YES;
				CLANG_ENABLE_OBJC_ARC = YES;
				CLANG_WARN_BOOL_CONVERSION = YES;
				CLANG_WARN_CONSTANT_CONVERSION = YES;
				CLANG_WARN_DIRECT_OBJC_ISA_USAGE = YES_ERROR;
				CLANG_WARN_DOCUMENTATION_COMMENTS = YES;
				CLANG_WARN_EMPTY_BODY = YES;
				CLANG_WARN_ENUM_CONVERSION = YES;
				CLANG_WARN_INFINITE_RECURSION = YES;
				CLANG_WARN_INT_CONVERSION = YES;
				CLANG_WARN_OBJC_ROOT_CLASS = YES_ERROR;
				CLANG_WARN_SUSPICIOUS_MOVES = YES;
				CLANG_WARN_UNREACHABLE_CODE = YES;
				CLANG_WARN__DUPLICATE_METHOD_MATCH = YES;
				"CODE_SIGN_IDENTITY[sdk=iphoneos*]" = "iPhone Developer";
				COPY_PHASE_STRIP = NO;
				DEBUG_INFORMATION_FORMAT = "dwarf-with-dsym";
				ENABLE_NS_ASSERTIONS = NO;
				ENABLE_STRICT_OBJC_MSGSEND = YES;
				GCC_C_LANGUAGE_STANDARD = gnu99;
				GCC_NO_COMMON_BLOCKS = YES;
				GCC_WARN_64_TO_32_BIT_CONVERSION = YES;
				GCC_WARN_ABOUT_RETURN_TYPE = YES_ERROR;
				GCC_WARN_UNDECLARED_SELECTOR = YES;
				GCC_WARN_UNINITIALIZED_AUTOS = YES_AGGRESSIVE;
				GCC_WARN_UNUSED_FUNCTION = YES;
				GCC_WARN_UNUSED_VARIABLE = YES;
				IPHONEOS_DEPLOYMENT_TARGET = 10.0;
				MTL_ENABLE_DEBUG_INFO = NO;
				SDKROOT = iphoneos;
				SWIFT_OPTIMIZATION_LEVEL = "-Owholemodule";
				TARGETED_DEVICE_FAMILY = "1,2";
				VALIDATE_PRODUCT = YES;
			};
			name = Release;
		};
		20C06C361DB8EE9A00C8CF56 /* Debug */ = {
			isa = XCBuildConfiguration;
			baseConfigurationReference = 26FE5E9633070CF18FBD99E5 /* Pods-VocMaster.debug.xcconfig */;
			buildSettings = {
				ASSETCATALOG_COMPILER_APPICON_NAME = AppIcon;
				INFOPLIST_FILE = VocMaster/Info.plist;
				LD_RUNPATH_SEARCH_PATHS = "$(inherited) @executable_path/Frameworks";
				PRODUCT_BUNDLE_IDENTIFIER = org.csipler.VocMaster;
				PRODUCT_NAME = "$(TARGET_NAME)";
				SWIFT_VERSION = 3.0;
			};
			name = Debug;
		};
		20C06C371DB8EE9A00C8CF56 /* Release */ = {
			isa = XCBuildConfiguration;
			baseConfigurationReference = A267BB4F398A0E6E0FBD9EA8 /* Pods-VocMaster.release.xcconfig */;
			buildSettings = {
				ASSETCATALOG_COMPILER_APPICON_NAME = AppIcon;
				INFOPLIST_FILE = VocMaster/Info.plist;
				LD_RUNPATH_SEARCH_PATHS = "$(inherited) @executable_path/Frameworks";
				PRODUCT_BUNDLE_IDENTIFIER = org.csipler.VocMaster;
				PRODUCT_NAME = "$(TARGET_NAME)";
				SWIFT_VERSION = 3.0;
			};
			name = Release;
		};
		20C06C391DB8EE9A00C8CF56 /* Debug */ = {
			isa = XCBuildConfiguration;
			baseConfigurationReference = BED5CE868519B64726517119 /* Pods-VocMasterTests.debug.xcconfig */;
			buildSettings = {
				ALWAYS_EMBED_SWIFT_STANDARD_LIBRARIES = "$(inherited)";
				BUNDLE_LOADER = "$(TEST_HOST)";
				INFOPLIST_FILE = VocMasterTests/Info.plist;
				LD_RUNPATH_SEARCH_PATHS = "$(inherited) @executable_path/Frameworks @loader_path/Frameworks";
				PRODUCT_BUNDLE_IDENTIFIER = org.csipler.VocMasterTests;
				PRODUCT_NAME = "$(TARGET_NAME)";
				SWIFT_VERSION = 3.0;
				TEST_HOST = "$(BUILT_PRODUCTS_DIR)/VocMaster.app/VocMaster";
			};
			name = Debug;
		};
		20C06C3A1DB8EE9A00C8CF56 /* Release */ = {
			isa = XCBuildConfiguration;
			baseConfigurationReference = D346EB76CCAAB34CAB05A568 /* Pods-VocMasterTests.release.xcconfig */;
			buildSettings = {
				ALWAYS_EMBED_SWIFT_STANDARD_LIBRARIES = "$(inherited)";
				BUNDLE_LOADER = "$(TEST_HOST)";
				INFOPLIST_FILE = VocMasterTests/Info.plist;
				LD_RUNPATH_SEARCH_PATHS = "$(inherited) @executable_path/Frameworks @loader_path/Frameworks";
				PRODUCT_BUNDLE_IDENTIFIER = org.csipler.VocMasterTests;
				PRODUCT_NAME = "$(TARGET_NAME)";
				SWIFT_VERSION = 3.0;
				TEST_HOST = "$(BUILT_PRODUCTS_DIR)/VocMaster.app/VocMaster";
			};
			name = Release;
		};
		20C06C3C1DB8EE9A00C8CF56 /* Debug */ = {
			isa = XCBuildConfiguration;
			baseConfigurationReference = FDAD32E30279D12BBDAFC5C9 /* Pods-VocMasterUITests.debug.xcconfig */;
			buildSettings = {
				ALWAYS_EMBED_SWIFT_STANDARD_LIBRARIES = "$(inherited)";
				INFOPLIST_FILE = VocMasterUITests/Info.plist;
				LD_RUNPATH_SEARCH_PATHS = "$(inherited) @executable_path/Frameworks @loader_path/Frameworks";
				PRODUCT_BUNDLE_IDENTIFIER = org.csipler.VocMasterUITests;
				PRODUCT_NAME = "$(TARGET_NAME)";
				SWIFT_VERSION = 3.0;
				TEST_TARGET_NAME = VocMaster;
			};
			name = Debug;
		};
		20C06C3D1DB8EE9A00C8CF56 /* Release */ = {
			isa = XCBuildConfiguration;
			baseConfigurationReference = 9FBF7DEAAC3DF825C84FF09E /* Pods-VocMasterUITests.release.xcconfig */;
			buildSettings = {
				ALWAYS_EMBED_SWIFT_STANDARD_LIBRARIES = "$(inherited)";
				INFOPLIST_FILE = VocMasterUITests/Info.plist;
				LD_RUNPATH_SEARCH_PATHS = "$(inherited) @executable_path/Frameworks @loader_path/Frameworks";
				PRODUCT_BUNDLE_IDENTIFIER = org.csipler.VocMasterUITests;
				PRODUCT_NAME = "$(TARGET_NAME)";
				SWIFT_VERSION = 3.0;
				TEST_TARGET_NAME = VocMaster;
			};
			name = Release;
		};
/* End XCBuildConfiguration section */

/* Begin XCConfigurationList section */
		20C06C081DB8EE9900C8CF56 /* Build configuration list for PBXProject "VocMaster" */ = {
			isa = XCConfigurationList;
			buildConfigurations = (
				20C06C331DB8EE9A00C8CF56 /* Debug */,
				20C06C341DB8EE9A00C8CF56 /* Release */,
			);
			defaultConfigurationIsVisible = 0;
			defaultConfigurationName = Release;
		};
		20C06C351DB8EE9A00C8CF56 /* Build configuration list for PBXNativeTarget "VocMaster" */ = {
			isa = XCConfigurationList;
			buildConfigurations = (
				20C06C361DB8EE9A00C8CF56 /* Debug */,
				20C06C371DB8EE9A00C8CF56 /* Release */,
			);
			defaultConfigurationIsVisible = 0;
			defaultConfigurationName = Release;
		};
		20C06C381DB8EE9A00C8CF56 /* Build configuration list for PBXNativeTarget "VocMasterTests" */ = {
			isa = XCConfigurationList;
			buildConfigurations = (
				20C06C391DB8EE9A00C8CF56 /* Debug */,
				20C06C3A1DB8EE9A00C8CF56 /* Release */,
			);
			defaultConfigurationIsVisible = 0;
			defaultConfigurationName = Release;
		};
		20C06C3B1DB8EE9A00C8CF56 /* Build configuration list for PBXNativeTarget "VocMasterUITests" */ = {
			isa = XCConfigurationList;
			buildConfigurations = (
				20C06C3C1DB8EE9A00C8CF56 /* Debug */,
				20C06C3D1DB8EE9A00C8CF56 /* Release */,
			);
			defaultConfigurationIsVisible = 0;
			defaultConfigurationName = Release;
		};
/* End XCConfigurationList section */
	};
	rootObject = 20C06C051DB8EE9900C8CF56 /* Project object */;
}
